dependencies:
- name: frontend
  repository: file://../charts/frontend
  version: 0.1.0
- name: backend
  repository: file://../charts/backend
  version: 0.1.0
- name: user-service
  repository: file://../charts/user-service
  version: 0.1.0
- name: product-service
  repository: file://../charts/product-service
  version: 0.1.0
- name: order-service
  repository: file://../charts/order-service
  version: 0.1.0
- name: payment-service
  repository: file://../charts/payment-service
  version: 0.1.0
- name: notification-service
  repository: file://../charts/notification-service
  version: 0.1.0
- name: postgresql
  repository: file://../charts/postgresql
  version: 0.1.1
- name: postgresql
  repository: file://../charts/postgresql
  version: 0.1.1
- name: postgresql
  repository: file://../charts/postgresql
  version: 0.1.1
- name: postgresql
  repository: file://../charts/postgresql
  version: 0.1.1
- name: postgresql
  repository: file://../charts/postgresql
  version: 0.1.1
digest: sha256:9dcbd70ce04187328fd9df65e0f44c25df5c4500667c3459966abf5b84103b15
generated: "2026-08-26T04:47:51.7617092+01:00"
