dependencies:
- name: frontend
  repository: file://../charts/frontend
  version: 0.1.0
- name: backend
  repository: file://../charts/backend
  version: 0.1.0
- name: user-service
  repository: file://../charts/user-service
  version: 0.1.0
- name: product-service
  repository: file://../charts/product-service
  version: 0.1.0
- name: order-service
  repository: file://../charts/order-service
  version: 0.1.0
- name: payment-service
  repository: file://../charts/payment-service
  version: 0.1.0
- name: notification-service
  repository: file://../charts/notification-service
  version: 0.1.0
- name: postgresql
  repository: file://../charts/postgresql
  version: 0.1.2
- name: postgresql
  repository: file://../charts/postgresql
  version: 0.1.2
- name: postgresql
  repository: file://../charts/postgresql
  version: 0.1.2
- name: postgresql
  repository: file://../charts/postgresql
  version: 0.1.2
- name: postgresql
  repository: file://../charts/postgresql
  version: 0.1.2
digest: sha256:04365383a201a66e34f4afb361ba64f2fc2e939163724fd04afe3d65231d45bf
generated: "2026-08-26T04:57:18.6052681+01:00"
